# This file is autogenerated, do not edit; changes may be undone by the next 'dep ensure'.


[[projects]]
  name = "github.com/Masterminds/squirrel"
  packages = ["."]
  revision = "a6b93000bd219143c56c16e6cb1c4b91da3f224b"
  version = "v1.0"

[[projects]]
  name = "github.com/caicloud/nirvana"
  packages = [
    ".",
    "definition",
    "errors",
    "log",
    "service",
    "service/router"
  ]
  revision = "a6bbb1c3a2d4fe33a4a15791d20a08d1a44f06d7"
  version = "v0.1.0-alpha.1"

[[projects]]
  branch = "master"
  name = "github.com/lann/builder"
  packages = ["."]
  revision = "f22ce00fd9394014049dad11c244859432bd6820"

[[projects]]
  branch = "master"
  name = "github.com/lann/ps"
  packages = ["."]
  revision = "62de8c46ede02a7675c4c79c84883eb164cb71e3"

[[projects]]
  branch = "master"
  name = "github.com/lib/pq"
  packages = [
    ".",
    "oid"
  ]
  revision = "19c8e9ad00952ce0c64489b60e8df88bb16dd514"

[solve-meta]
  analyzer-name = "dep"
  analyzer-version = 1
  inputs-digest = "eb1f0fee117933e4079b4dac37bc1606a00f9adc4eb18717a50756f40133279e"
  solver-name = "gps-cdcl"
  solver-version = 1
